
Microsoft Visual Studio Solution File, Format Version 12.00
# Visual Studio 15
VisualStudioVersion = 15.0.27428.2037
MinimumVisualStudioVersion = 10.0.40219.1
Project("{FAE04EC0-301F-11D3-BF4B-00C04F79EFBC}") = "TextTemplate", "TextTemplate\TextTemplate.csproj", "{B1948BAB-8CE3-4A49-9722-18687CC26058}"
EndProject
Project("{2150E333-8FDC-42A3-9474-1A3956D46DE8}") = "Solution Items", "Solution Items", "{96E66E0B-1C1C-4FF1-9434-31986A5786BE}"
	ProjectSection(SolutionItems) = preProject
		.gitignore = .gitignore
	EndProjectSection
EndProject
Global
	GlobalSection(SolutionConfigurationPlatforms) = preSolution
		Debug|Any CPU = Debug|Any CPU
		Release|Any CPU = Release|Any CPU
	EndGlobalSection
	GlobalSection(ProjectConfigurationPlatforms) = postSolution
		{B1948BAB-8CE3-4A49-9722-18687CC26058}.Debug|Any CPU.ActiveCfg = Debug|Any CPU
		{B1948BAB-8CE3-4A49-9722-18687CC26058}.Debug|Any CPU.Build.0 = Debug|Any CPU
		{B1948BAB-8CE3-4A49-9722-18687CC26058}.Release|Any CPU.ActiveCfg = Release|Any CPU
		{B1948BAB-8CE3-4A49-9722-18687CC26058}.Release|Any CPU.Build.0 = Release|Any CPU
	EndGlobalSection
	GlobalSection(SolutionProperties) = preSolution
		HideSolutionNode = FALSE
	EndGlobalSection
	GlobalSection(ExtensibilityGlobals) = postSolution
		SolutionGuid = {5F02976B-748C-4793-A6D2-6A2881C5C57E}
	EndGlobalSection
EndGlobal
